
Microsoft Visual Studio Solution File, Format Version 12.00
# Visual Studio Version 16
VisualStudioVersion = 16.0.29911.84
MinimumVisualStudioVersion = 10.0.40219.1
Project("{FAE04EC0-301F-11D3-BF4B-00C04F79EFBC}") = "Lab 2", "Lab 2\Lab 2.csproj", "{5A338441-CD46-4AF8-B68E-96D307B1310D}"
EndProject
Global
	GlobalSection(SolutionConfigurationPlatforms) = preSolution
		Debug|Any CPU = Debug|Any CPU
		Release|Any CPU = Release|Any CPU
	EndGlobalSection
	GlobalSection(ProjectConfigurationPlatforms) = postSolution
		{5A338441-CD46-4AF8-B68E-96D307B1310D}.Debug|Any CPU.ActiveCfg = Debug|Any CPU
		{5A338441-CD46-4AF8-B68E-96D307B1310D}.Debug|Any CPU.Build.0 = Debug|Any CPU
		{5A338441-CD46-4AF8-B68E-96D307B1310D}.Release|Any CPU.ActiveCfg = Release|Any CPU
		{5A338441-CD46-4AF8-B68E-96D307B1310D}.Release|Any CPU.Build.0 = Release|Any CPU
	EndGlobalSection
	GlobalSection(SolutionProperties) = preSolution
		HideSolutionNode = FALSE
	EndGlobalSection
	GlobalSection(ExtensibilityGlobals) = postSolution
		SolutionGuid = {EEB571D8-BA93-4D1B-B315-ECE50AE1B654}
	EndGlobalSection
EndGlobal
